// !$*UTF8*$!
{
	archiveVersion = 1;
	classes = {
	};
	objectVersion = 48;
	objects = {

/* Begin PBXBuildFile section */
		041D795B1FFEFE170016375E /* VoteDetailViewController.swift in Sources */ = {isa = PBXBuildFile; fileRef = 041D795A1FFEFE170016375E /* VoteDetailViewController.swift */; };
		0428CFBD1FFDA85D001E6D56 /* VoteRankTableViewCell.swift in Sources */ = {isa = PBXBuildFile; fileRef = 0428CFBC1FFDA85D001E6D56 /* VoteRankTableViewCell.swift */; };
		0428CFBF1FFDA8A3001E6D56 /* VoteListModel.swift in Sources */ = {isa = PBXBuildFile; fileRef = 0428CFBE1FFDA8A3001E6D56 /* VoteListModel.swift */; };
		0428CFC11FFDBC90001E6D56 /* test.json in Resources */ = {isa = PBXBuildFile; fileRef = 0428CFC01FFDBC90001E6D56 /* test.json */; };
		0428CFC31FFDC224001E6D56 /* Extension.swift in Sources */ = {isa = PBXBuildFile; fileRef = 0428CFC21FFDC224001E6D56 /* Extension.swift */; };
		0428CFC61FFDDA8D001E6D56 /* VoteListCollectionViewController.swift in Sources */ = {isa = PBXBuildFile; fileRef = 0428CFC51FFDDA8D001E6D56 /* VoteListCollectionViewController.swift */; };
		0428CFC81FFDF43B001E6D56 /* VoteListCollectionViewCell.swift in Sources */ = {isa = PBXBuildFile; fileRef = 0428CFC71FFDF43B001E6D56 /* VoteListCollectionViewCell.swift */; };
		0441AD4B1FFF5A7D000D98C1 /* VotePlayerControlView.swift in Sources */ = {isa = PBXBuildFile; fileRef = 0441AD4A1FFF5A7D000D98C1 /* VotePlayerControlView.swift */; };
		0441AD4D1FFF6976000D98C1 /* NetworkTools.swift in Sources */ = {isa = PBXBuildFile; fileRef = 0441AD4C1FFF6976000D98C1 /* NetworkTools.swift */; };
		045317A01FFCC44E0020DFB3 /* AppDelegate.swift in Sources */ = {isa = PBXBuildFile; fileRef = 0453179F1FFCC44E0020DFB3 /* AppDelegate.swift */; };
		045317A21FFCC44E0020DFB3 /* ViewController.swift in Sources */ = {isa = PBXBuildFile; fileRef = 045317A11FFCC44E0020DFB3 /* ViewController.swift */; };
		045317A51FFCC44E0020DFB3 /* Main.storyboard in Resources */ = {isa = PBXBuildFile; fileRef = 045317A31FFCC44E0020DFB3 /* Main.storyboard */; };
		045317A71FFCC44E0020DFB3 /* Assets.xcassets in Resources */ = {isa = PBXBuildFile; fileRef = 045317A61FFCC44E0020DFB3 /* Assets.xcassets */; };
		045317AA1FFCC44E0020DFB3 /* LaunchScreen.storyboard in Resources */ = {isa = PBXBuildFile; fileRef = 045317A81FFCC44E0020DFB3 /* LaunchScreen.storyboard */; };
		045317B41FFCCE9E0020DFB3 /* VoteRankTableViewController.swift in Sources */ = {isa = PBXBuildFile; fileRef = 045317B31FFCCE9E0020DFB3 /* VoteRankTableViewController.swift */; };
		ED68EC14EE5D33F964C405EE /* Pods_Vote.framework in Frameworks */ = {isa = PBXBuildFile; fileRef = 8DCD3EEB5E58F7386D12A8EE /* Pods_Vote.framework */; };
/* End PBXBuildFile section */

/* Begin PBXFileReference section */
		041D795A1FFEFE170016375E /* VoteDetailViewController.swift */ = {isa = PBXFileReference; lastKnownFileType = sourcecode.swift; path = VoteDetailViewController.swift; sourceTree = "<group>"; };
		0428CFBC1FFDA85D001E6D56 /* VoteRankTableViewCell.swift */ = {isa = PBXFileReference; lastKnownFileType = sourcecode.swift; path = VoteRankTableViewCell.swift; sourceTree = "<group>"; };
		0428CFBE1FFDA8A3001E6D56 /* VoteListModel.swift */ = {isa = PBXFileReference; lastKnownFileType = sourcecode.swift; path = VoteListModel.swift; sourceTree = "<group>"; };
		0428CFC01FFDBC90001E6D56 /* test.json */ = {isa = PBXFileReference; lastKnownFileType = text.json; path = test.json; sourceTree = "<group>"; };
		0428CFC21FFDC224001E6D56 /* Extension.swift */ = {isa = PBXFileReference; lastKnownFileType = sourcecode.swift; path = Extension.swift; sourceTree = "<group>"; };
		0428CFC51FFDDA8D001E6D56 /* VoteListCollectionViewController.swift */ = {isa = PBXFileReference; lastKnownFileType = sourcecode.swift; path = VoteListCollectionViewController.swift; sourceTree = "<group>"; };
		0428CFC71FFDF43B001E6D56 /* VoteListCollectionViewCell.swift */ = {isa = PBXFileReference; lastKnownFileType = sourcecode.swift; path = VoteListCollectionViewCell.swift; sourceTree = "<group>"; };
		0441AD4A1FFF5A7D000D98C1 /* VotePlayerControlView.swift */ = {isa = PBXFileReference; lastKnownFileType = sourcecode.swift; path = VotePlayerControlView.swift; sourceTree = "<group>"; };
		0441AD4C1FFF6976000D98C1 /* NetworkTools.swift */ = {isa = PBXFileReference; lastKnownFileType = sourcecode.swift; path = NetworkTools.swift; sourceTree = "<group>"; };
		0453179C1FFCC44E0020DFB3 /* Vote.app */ = {isa = PBXFileReference; explicitFileType = wrapper.application; includeInIndex = 0; path = Vote.app; sourceTree = BUILT_PRODUCTS_DIR; };
		0453179F1FFCC44E0020DFB3 /* AppDelegate.swift */ = {isa = PBXFileReference; lastKnownFileType = sourcecode.swift; path = AppDelegate.swift; sourceTree = "<group>"; };
		045317A11FFCC44E0020DFB3 /* ViewController.swift */ = {isa = PBXFileReference; lastKnownFileType = sourcecode.swift; path = ViewController.swift; sourceTree = "<group>"; };
		045317A41FFCC44E0020DFB3 /* Base */ = {isa = PBXFileReference; lastKnownFileType = file.storyboard; name = Base; path = Base.lproj/Main.storyboard; sourceTree = "<group>"; };
		045317A61FFCC44E0020DFB3 /* Assets.xcassets */ = {isa = PBXFileReference; lastKnownFileType = folder.assetcatalog; path = Assets.xcassets; sourceTree = "<group>"; };
		045317A91FFCC44E0020DFB3 /* Base */ = {isa = PBXFileReference; lastKnownFileType = file.storyboard; name = Base; path = Base.lproj/LaunchScreen.storyboard; sourceTree = "<group>"; };
		045317AB1FFCC44E0020DFB3 /* Info.plist */ = {isa = PBXFileReference; lastKnownFileType = text.plist.xml; path = Info.plist; sourceTree = "<group>"; };
		045317B31FFCCE9E0020DFB3 /* VoteRankTableViewController.swift */ = {isa = PBXFileReference; lastKnownFileType = sourcecode.swift; path = VoteRankTableViewController.swift; sourceTree = "<group>"; };
		14DB66DAACAB60B13418EC25 /* Pods-Vote.debug.xcconfig */ = {isa = PBXFileReference; includeInIndex = 1; lastKnownFileType = text.xcconfig; name = "Pods-Vote.debug.xcconfig"; path = "Pods/Target Support Files/Pods-Vote/Pods-Vote.debug.xcconfig"; sourceTree = "<group>"; };
		4204E83721AF019F0DF167E9 /* Pods-Vote.release.xcconfig */ = {isa = PBXFileReference; includeInIndex = 1; lastKnownFileType = text.xcconfig; name = "Pods-Vote.release.xcconfig"; path = "Pods/Target Support Files/Pods-Vote/Pods-Vote.release.xcconfig"; sourceTree = "<group>"; };
		8DCD3EEB5E58F7386D12A8EE /* Pods_Vote.framework */ = {isa = PBXFileReference; explicitFileType = wrapper.framework; includeInIndex = 0; path = Pods_Vote.framework; sourceTree = BUILT_PRODUCTS_DIR; };
/* End PBXFileReference section */

/* Begin PBXFrameworksBuildPhase section */
		045317991FFCC44E0020DFB3 /* Frameworks */ = {
			isa = PBXFrameworksBuildPhase;
			buildActionMask = 2147483647;
			files = (
				ED68EC14EE5D33F964C405EE /* Pods_Vote.framework in Frameworks */,
			);
			runOnlyForDeploymentPostprocessing = 0;
		};
/* End PBXFrameworksBuildPhase section */

/* Begin PBXGroup section */
		041D79591FFEFD760016375E /* VoteListDetail */ = {
			isa = PBXGroup;
			children = (
				041D795F1FFF2BEE0016375E /* Player */,
				041D795A1FFEFE170016375E /* VoteDetailViewController.swift */,
			);
			path = VoteListDetail;
			sourceTree = "<group>";
		};
		041D795C1FFF2B930016375E /* Rank */ = {
			isa = PBXGroup;
			children = (
				045317B31FFCCE9E0020DFB3 /* VoteRankTableViewController.swift */,
				0428CFBC1FFDA85D001E6D56 /* VoteRankTableViewCell.swift */,
			);
			path = Rank;
			sourceTree = "<group>";
		};
		041D795D1FFF2BC00016375E /* Model */ = {
			isa = PBXGroup;
			children = (
				0428CFC01FFDBC90001E6D56 /* test.json */,
				0428CFBE1FFDA8A3001E6D56 /* VoteListModel.swift */,
			);
			path = Model;
			sourceTree = "<group>";
		};
		041D795F1FFF2BEE0016375E /* Player */ = {
			isa = PBXGroup;
			children = (
				0441AD4A1FFF5A7D000D98C1 /* VotePlayerControlView.swift */,
			);
			path = Player;
			sourceTree = "<group>";
		};
		0428CFBB1FFDA819001E6D56 /* VoteList */ = {
			isa = PBXGroup;
			children = (
				041D795D1FFF2BC00016375E /* Model */,
				041D795C1FFF2B930016375E /* Rank */,
				041D79591FFEFD760016375E /* VoteListDetail */,
				0428CFC51FFDDA8D001E6D56 /* VoteListCollectionViewController.swift */,
				0428CFC71FFDF43B001E6D56 /* VoteListCollectionViewCell.swift */,
			);
			path = VoteList;
			sourceTree = "<group>";
		};
		0428CFC41FFDCC3A001E6D56 /* Tools */ = {
			isa = PBXGroup;
			children = (
				0441AD4C1FFF6976000D98C1 /* NetworkTools.swift */,
			);
			path = Tools;
			sourceTree = "<group>";
		};
		045317931FFCC44E0020DFB3 = {
			isa = PBXGroup;
			children = (
				0453179E1FFCC44E0020DFB3 /* Vote */,
				0453179D1FFCC44E0020DFB3 /* Products */,
				0686A8BC91104EF4A5624A65 /* Pods */,
				6593266402503E8E7CB87798 /* Frameworks */,
			);
			sourceTree = "<group>";
		};
		0453179D1FFCC44E0020DFB3 /* Products */ = {
			isa = PBXGroup;
			children = (
				0453179C1FFCC44E0020DFB3 /* Vote.app */,
			);
			name = Products;
			sourceTree = "<group>";
		};
		0453179E1FFCC44E0020DFB3 /* Vote */ = {
			isa = PBXGroup;
			children = (
				0428CFC41FFDCC3A001E6D56 /* Tools */,
				045317B21FFCCDF20020DFB3 /* Classes */,
				045317B11FFCC4DB0020DFB3 /* Support Files */,
				045317A11FFCC44E0020DFB3 /* ViewController.swift */,
				045317A31FFCC44E0020DFB3 /* Main.storyboard */,
			);
			path = Vote;
			sourceTree = "<group>";
		};
		045317B11FFCC4DB0020DFB3 /* Support Files */ = {
			isa = PBXGroup;
			children = (
				0428CFC21FFDC224001E6D56 /* Extension.swift */,
				0453179F1FFCC44E0020DFB3 /* AppDelegate.swift */,
				045317A61FFCC44E0020DFB3 /* Assets.xcassets */,
				045317A81FFCC44E0020DFB3 /* LaunchScreen.storyboard */,
				045317AB1FFCC44E0020DFB3 /* Info.plist */,
			);
			path = "Support Files";
			sourceTree = "<group>";
		};
		045317B21FFCCDF20020DFB3 /* Classes */ = {
			isa = PBXGroup;
			children = (
				0428CFBB1FFDA819001E6D56 /* VoteList */,
			);
			path = Classes;
			sourceTree = "<group>";
		};
		0686A8BC91104EF4A5624A65 /* Pods */ = {
			isa = PBXGroup;
			children = (
				14DB66DAACAB60B13418EC25 /* Pods-Vote.debug.xcconfig */,
				4204E83721AF019F0DF167E9 /* Pods-Vote.release.xcconfig */,
			);
			name = Pods;
			sourceTree = "<group>";
		};
		6593266402503E8E7CB87798 /* Frameworks */ = {
			isa = PBXGroup;
			children = (
				8DCD3EEB5E58F7386D12A8EE /* Pods_Vote.framework */,
			);
			name = Frameworks;
			sourceTree = "<group>";
		};
/* End PBXGroup section */

/* Begin PBXNativeTarget section */
		0453179B1FFCC44E0020DFB3 /* Vote */ = {
			isa = PBXNativeTarget;
			buildConfigurationList = 045317AE1FFCC44E0020DFB3 /* Build configuration list for PBXNativeTarget "Vote" */;
			buildPhases = (
				640400AE59DAFC088025F6E2 /* [CP] Check Pods Manifest.lock */,
				045317981FFCC44E0020DFB3 /* Sources */,
				045317991FFCC44E0020DFB3 /* Frameworks */,
				0453179A1FFCC44E0020DFB3 /* Resources */,
				F15C1C08E864604AE1E70E95 /* [CP] Embed Pods Frameworks */,
				2B2D9B1DECE85F445D173088 /* [CP] Copy Pods Resources */,
			);
			buildRules = (
			);
			dependencies = (
			);
			name = Vote;
			productName = Vote;
			productReference = 0453179C1FFCC44E0020DFB3 /* Vote.app */;
			productType = "com.apple.product-type.application";
		};
/* End PBXNativeTarget section */

/* Begin PBXProject section */
		045317941FFCC44E0020DFB3 /* Project object */ = {
			isa = PBXProject;
			attributes = {
				LastSwiftUpdateCheck = 0920;
				LastUpgradeCheck = 0920;
				ORGANIZATIONNAME = modi;
				TargetAttributes = {
					0453179B1FFCC44E0020DFB3 = {
						CreatedOnToolsVersion = 9.2;
						ProvisioningStyle = Automatic;
					};
				};
			};
			buildConfigurationList = 045317971FFCC44E0020DFB3 /* Build configuration list for PBXProject "Vote" */;
			compatibilityVersion = "Xcode 8.0";
			developmentRegion = en;
			hasScannedForEncodings = 0;
			knownRegions = (
				en,
				Base,
			);
			mainGroup = 045317931FFCC44E0020DFB3;
			productRefGroup = 0453179D1FFCC44E0020DFB3 /* Products */;
			projectDirPath = "";
			projectRoot = "";
			targets = (
				0453179B1FFCC44E0020DFB3 /* Vote */,
			);
		};
/* End PBXProject section */

/* Begin PBXResourcesBuildPhase section */
		0453179A1FFCC44E0020DFB3 /* Resources */ = {
			isa = PBXResourcesBuildPhase;
			buildActionMask = 2147483647;
			files = (
				045317AA1FFCC44E0020DFB3 /* LaunchScreen.storyboard in Resources */,
				0428CFC11FFDBC90001E6D56 /* test.json in Resources */,
				045317A71FFCC44E0020DFB3 /* Assets.xcassets in Resources */,
				045317A51FFCC44E0020DFB3 /* Main.storyboard in Resources */,
			);
			runOnlyForDeploymentPostprocessing = 0;
		};
/* End PBXResourcesBuildPhase section */

/* Begin PBXShellScriptBuildPhase section */
		2B2D9B1DECE85F445D173088 /* [CP] Copy Pods Resources */ = {
			isa = PBXShellScriptBuildPhase;
			buildActionMask = 2147483647;
			files = (
			);
			inputPaths = (
			);
			name = "[CP] Copy Pods Resources";
			outputPaths = (
			);
			runOnlyForDeploymentPostprocessing = 0;
			shellPath = /bin/sh;
			shellScript = "\"${SRCROOT}/Pods/Target Support Files/Pods-Vote/Pods-Vote-resources.sh\"\n";
			showEnvVarsInLog = 0;
		};
		640400AE59DAFC088025F6E2 /* [CP] Check Pods Manifest.lock */ = {
			isa = PBXShellScriptBuildPhase;
			buildActionMask = 2147483647;
			files = (
			);
			inputPaths = (
			);
			name = "[CP] Check Pods Manifest.lock";
			outputPaths = (
			);
			runOnlyForDeploymentPostprocessing = 0;
			shellPath = /bin/sh;
			shellScript = "diff \"${PODS_PODFILE_DIR_PATH}/Podfile.lock\" \"${PODS_ROOT}/Manifest.lock\" > /dev/null\nif [ $? != 0 ] ; then\n    # print error to STDERR\n    echo \"error: The sandbox is not in sync with the Podfile.lock. Run 'pod install' or update your CocoaPods installation.\" >&2\n    exit 1\nfi\n";
			showEnvVarsInLog = 0;
		};
		F15C1C08E864604AE1E70E95 /* [CP] Embed Pods Frameworks */ = {
			isa = PBXShellScriptBuildPhase;
			buildActionMask = 2147483647;
			files = (
			);
			inputPaths = (
			);
			name = "[CP] Embed Pods Frameworks";
			outputPaths = (
			);
			runOnlyForDeploymentPostprocessing = 0;
			shellPath = /bin/sh;
			shellScript = "\"${SRCROOT}/Pods/Target Support Files/Pods-Vote/Pods-Vote-frameworks.sh\"\n";
			showEnvVarsInLog = 0;
		};
/* End PBXShellScriptBuildPhase section */

/* Begin PBXSourcesBuildPhase section */
		045317981FFCC44E0020DFB3 /* Sources */ = {
			isa = PBXSourcesBuildPhase;
			buildActionMask = 2147483647;
			files = (
				0428CFC81FFDF43B001E6D56 /* VoteListCollectionViewCell.swift in Sources */,
				0441AD4D1FFF6976000D98C1 /* NetworkTools.swift in Sources */,
				045317A21FFCC44E0020DFB3 /* ViewController.swift in Sources */,
				0428CFBF1FFDA8A3001E6D56 /* VoteListModel.swift in Sources */,
				0428CFC61FFDDA8D001E6D56 /* VoteListCollectionViewController.swift in Sources */,
				045317B41FFCCE9E0020DFB3 /* VoteRankTableViewController.swift in Sources */,
				041D795B1FFEFE170016375E /* VoteDetailViewController.swift in Sources */,
				0428CFC31FFDC224001E6D56 /* Extension.swift in Sources */,
				0441AD4B1FFF5A7D000D98C1 /* VotePlayerControlView.swift in Sources */,
				045317A01FFCC44E0020DFB3 /* AppDelegate.swift in Sources */,
				0428CFBD1FFDA85D001E6D56 /* VoteRankTableViewCell.swift in Sources */,
			);
			runOnlyForDeploymentPostprocessing = 0;
		};
/* End PBXSourcesBuildPhase section */

/* Begin PBXVariantGroup section */
		045317A31FFCC44E0020DFB3 /* Main.storyboard */ = {
			isa = PBXVariantGroup;
			children = (
				045317A41FFCC44E0020DFB3 /* Base */,
			);
			name = Main.storyboard;
			sourceTree = "<group>";
		};
		045317A81FFCC44E0020DFB3 /* LaunchScreen.storyboard */ = {
			isa = PBXVariantGroup;
			children = (
				045317A91FFCC44E0020DFB3 /* Base */,
			);
			name = LaunchScreen.storyboard;
			sourceTree = "<group>";
		};
/* End PBXVariantGroup section */

/* Begin XCBuildConfiguration section */
		045317AC1FFCC44E0020DFB3 /* Debug */ = {
			isa = XCBuildConfiguration;
			buildSettings = {
				ALWAYS_SEARCH_USER_PATHS = NO;
				CLANG_ANALYZER_NONNULL = YES;
				CLANG_ANALYZER_NUMBER_OBJECT_CONVERSION = YES_AGGRESSIVE;
				CLANG_CXX_LANGUAGE_STANDARD = "gnu++14";
				CLANG_CXX_LIBRARY = "libc++";
				CLANG_ENABLE_MODULES = YES;
				CLANG_ENABLE_OBJC_ARC = YES;
				CLANG_WARN_BLOCK_CAPTURE_AUTORELEASING = YES;
				CLANG_WARN_BOOL_CONVERSION = YES;
				CLANG_WARN_COMMA = YES;
				CLANG_WARN_CONSTANT_CONVERSION = YES;
				CLANG_WARN_DIRECT_OBJC_ISA_USAGE = YES_ERROR;
				CLANG_WARN_DOCUMENTATION_COMMENTS = YES;
				CLANG_WARN_EMPTY_BODY = YES;
				CLANG_WARN_ENUM_CONVERSION = YES;
				CLANG_WARN_INFINITE_RECURSION = YES;
				CLANG_WARN_INT_CONVERSION = YES;
				CLANG_WARN_NON_LITERAL_NULL_CONVERSION = YES;
				CLANG_WARN_OBJC_LITERAL_CONVERSION = YES;
				CLANG_WARN_OBJC_ROOT_CLASS = YES_ERROR;
				CLANG_WARN_RANGE_LOOP_ANALYSIS = YES;
				CLANG_WARN_STRICT_PROTOTYPES = YES;
				CLANG_WARN_SUSPICIOUS_MOVE = YES;
				CLANG_WARN_UNGUARDED_AVAILABILITY = YES_AGGRESSIVE;
				CLANG_WARN_UNREACHABLE_CODE = YES;
				CLANG_WARN__DUPLICATE_METHOD_MATCH = YES;
				CODE_SIGN_IDENTITY = "iPhone Developer";
				COPY_PHASE_STRIP = NO;
				DEBUG_INFORMATION_FORMAT = dwarf;
				ENABLE_STRICT_OBJC_MSGSEND = YES;
				ENABLE_TESTABILITY = YES;
				GCC_C_LANGUAGE_STANDARD = gnu11;
				GCC_DYNAMIC_NO_PIC = NO;
				GCC_NO_COMMON_BLOCKS = YES;
				GCC_OPTIMIZATION_LEVEL = 0;
				GCC_PREPROCESSOR_DEFINITIONS = (
					"DEBUG=1",
					"$(inherited)",
				);
				GCC_WARN_64_TO_32_BIT_CONVERSION = YES;
				GCC_WARN_ABOUT_RETURN_TYPE = YES_ERROR;
				GCC_WARN_UNDECLARED_SELECTOR = YES;
				GCC_WARN_UNINITIALIZED_AUTOS = YES_AGGRESSIVE;
				GCC_WARN_UNUSED_FUNCTION = YES;
				GCC_WARN_UNUSED_VARIABLE = YES;
				IPHONEOS_DEPLOYMENT_TARGET = 11.2;
				MTL_ENABLE_DEBUG_INFO = YES;
				ONLY_ACTIVE_ARCH = YES;
				SDKROOT = iphoneos;
				SWIFT_ACTIVE_COMPILATION_CONDITIONS = DEBUG;
				SWIFT_OPTIMIZATION_LEVEL = "-Onone";
			};
			name = Debug;
		};
		045317AD1FFCC44E0020DFB3 /* Release */ = {
			isa = XCBuildConfiguration;
			buildSettings = {
				ALWAYS_SEARCH_USER_PATHS = NO;
				CLANG_ANALYZER_NONNULL = YES;
				CLANG_ANALYZER_NUMBER_OBJECT_CONVERSION = YES_AGGRESSIVE;
				CLANG_CXX_LANGUAGE_STANDARD = "gnu++14";
				CLANG_CXX_LIBRARY = "libc++";
				CLANG_ENABLE_MODULES = YES;
				CLANG_ENABLE_OBJC_ARC = YES;
				CLANG_WARN_BLOCK_CAPTURE_AUTORELEASING = YES;
				CLANG_WARN_BOOL_CONVERSION = YES;
				CLANG_WARN_COMMA = YES;
				CLANG_WARN_CONSTANT_CONVERSION = YES;
				CLANG_WARN_DIRECT_OBJC_ISA_USAGE = YES_ERROR;
				CLANG_WARN_DOCUMENTATION_COMMENTS = YES;
				CLANG_WARN_EMPTY_BODY = YES;
				CLANG_WARN_ENUM_CONVERSION = YES;
				CLANG_WARN_INFINITE_RECURSION = YES;
				CLANG_WARN_INT_CONVERSION = YES;
				CLANG_WARN_NON_LITERAL_NULL_CONVERSION = YES;
				CLANG_WARN_OBJC_LITERAL_CONVERSION = YES;
				CLANG_WARN_OBJC_ROOT_CLASS = YES_ERROR;
				CLANG_WARN_RANGE_LOOP_ANALYSIS = YES;
				CLANG_WARN_STRICT_PROTOTYPES = YES;
				CLANG_WARN_SUSPICIOUS_MOVE = YES;
				CLANG_WARN_UNGUARDED_AVAILABILITY = YES_AGGRESSIVE;
				CLANG_WARN_UNREACHABLE_CODE = YES;
				CLANG_WARN__DUPLICATE_METHOD_MATCH = YES;
				CODE_SIGN_IDENTITY = "iPhone Developer";
				COPY_PHASE_STRIP = NO;
				DEBUG_INFORMATION_FORMAT = "dwarf-with-dsym";
				ENABLE_NS_ASSERTIONS = NO;
				ENABLE_STRICT_OBJC_MSGSEND = YES;
				GCC_C_LANGUAGE_STANDARD = gnu11;
				GCC_NO_COMMON_BLOCKS = YES;
				GCC_WARN_64_TO_32_BIT_CONVERSION = YES;
				GCC_WARN_ABOUT_RETURN_TYPE = YES_ERROR;
				GCC_WARN_UNDECLARED_SELECTOR = YES;
				GCC_WARN_UNINITIALIZED_AUTOS = YES_AGGRESSIVE;
				GCC_WARN_UNUSED_FUNCTION = YES;
				GCC_WARN_UNUSED_VARIABLE = YES;
				IPHONEOS_DEPLOYMENT_TARGET = 11.2;
				MTL_ENABLE_DEBUG_INFO = NO;
				SDKROOT = iphoneos;
				SWIFT_OPTIMIZATION_LEVEL = "-Owholemodule";
				VALIDATE_PRODUCT = YES;
			};
			name = Release;
		};
		045317AF1FFCC44E0020DFB3 /* Debug */ = {
			isa = XCBuildConfiguration;
			baseConfigurationReference = 14DB66DAACAB60B13418EC25 /* Pods-Vote.debug.xcconfig */;
			buildSettings = {
				ASSETCATALOG_COMPILER_APPICON_NAME = AppIcon;
				CODE_SIGN_STYLE = Automatic;
				INFOPLIST_FILE = "Vote/Support Files/Info.plist";
				LD_RUNPATH_SEARCH_PATHS = "$(inherited) @executable_path/Frameworks";
				PRODUCT_BUNDLE_IDENTIFIER = com.modi.Vote;
				PRODUCT_NAME = "$(TARGET_NAME)";
				SWIFT_VERSION = 4.0;
				TARGETED_DEVICE_FAMILY = "1,2";
			};
			name = Debug;
		};
		045317B01FFCC44E0020DFB3 /* Release */ = {
			isa = XCBuildConfiguration;
			baseConfigurationReference = 4204E83721AF019F0DF167E9 /* Pods-Vote.release.xcconfig */;
			buildSettings = {
				ASSETCATALOG_COMPILER_APPICON_NAME = AppIcon;
				CODE_SIGN_STYLE = Automatic;
				INFOPLIST_FILE = "Vote/Support Files/Info.plist";
				LD_RUNPATH_SEARCH_PATHS = "$(inherited) @executable_path/Frameworks";
				PRODUCT_BUNDLE_IDENTIFIER = com.modi.Vote;
				PRODUCT_NAME = "$(TARGET_NAME)";
				SWIFT_VERSION = 4.0;
				TARGETED_DEVICE_FAMILY = "1,2";
			};
			name = Release;
		};
/* End XCBuildConfiguration section */

/* Begin XCConfigurationList section */
		045317971FFCC44E0020DFB3 /* Build configuration list for PBXProject "Vote" */ = {
			isa = XCConfigurationList;
			buildConfigurations = (
				045317AC1FFCC44E0020DFB3 /* Debug */,
				045317AD1FFCC44E0020DFB3 /* Release */,
			);
			defaultConfigurationIsVisible = 0;
			defaultConfigurationName = Release;
		};
		045317AE1FFCC44E0020DFB3 /* Build configuration list for PBXNativeTarget "Vote" */ = {
			isa = XCConfigurationList;
			buildConfigurations = (
				045317AF1FFCC44E0020DFB3 /* Debug */,
				045317B01FFCC44E0020DFB3 /* Release */,
			);
			defaultConfigurationIsVisible = 0;
			defaultConfigurationName = Release;
		};
/* End XCConfigurationList section */
	};
	rootObject = 045317941FFCC44E0020DFB3 /* Project object */;
}
